
Microsoft Visual Studio Solution File, Format Version 12.00
# Visual Studio 15
VisualStudioVersion = 15.0.27703.2026
MinimumVisualStudioVersion = 10.0.40219.1
Project("{FAE04EC0-301F-11D3-BF4B-00C04F79EFBC}") = "HotelReservations", "HotelReserviations\HotelReservations.csproj", "{557930A2-87CF-4EE3-90B6-C5B51945DB91}"
EndProject
Global
	GlobalSection(SolutionConfigurationPlatforms) = preSolution
		Debug|Any CPU = Debug|Any CPU
		Release|Any CPU = Release|Any CPU
	EndGlobalSection
	GlobalSection(ProjectConfigurationPlatforms) = postSolution
		{557930A2-87CF-4EE3-90B6-C5B51945DB91}.Debug|Any CPU.ActiveCfg = Debug|Any CPU
		{557930A2-87CF-4EE3-90B6-C5B51945DB91}.Debug|Any CPU.Build.0 = Debug|Any CPU
		{557930A2-87CF-4EE3-90B6-C5B51945DB91}.Release|Any CPU.ActiveCfg = Release|Any CPU
		{557930A2-87CF-4EE3-90B6-C5B51945DB91}.Release|Any CPU.Build.0 = Release|Any CPU
	EndGlobalSection
	GlobalSection(SolutionProperties) = preSolution
		HideSolutionNode = FALSE
	EndGlobalSection
	GlobalSection(ExtensibilityGlobals) = postSolution
		SolutionGuid = {F0483467-9282-4EAC-B482-9199CF72E6C3}
	EndGlobalSection
EndGlobal
